
Microsoft Visual Studio Solution File, Format Version 12.00
# Visual Studio 15
Project("{FAE04EC0-301F-11D3-BF4B-00C04F79EFBC}") = "TrueSync", "TrueSync.csproj", "{CA65F5A7-72C3-A819-3D04-00FCD7A5B565}"
EndProject
Project("{FAE04EC0-301F-11D3-BF4B-00C04F79EFBC}") = "UniTask", "UniTask.csproj", "{5E0477E2-84AA-5721-2CEC-6369800BD843}"
EndProject
Project("{FAE04EC0-301F-11D3-BF4B-00C04F79EFBC}") = "Assembly-CSharp", "Assembly-CSharp.csproj", "{79E29CC7-8EEB-3688-8FA5-ABC4587767B6}"
EndProject
Project("{FAE04EC0-301F-11D3-BF4B-00C04F79EFBC}") = "UnityEngine.TestRunner", "UnityEngine.TestRunner.csproj", "{D6A95C4D-1862-65BF-3AC6-71CF70D42B10}"
EndProject
Project("{FAE04EC0-301F-11D3-BF4B-00C04F79EFBC}") = "Unity.InputSystem", "Unity.InputSystem.csproj", "{162F45E9-296B-1A79-3CA1-8232D96B07F0}"
EndProject
Project("{FAE04EC0-301F-11D3-BF4B-00C04F79EFBC}") = "Unity.VisualScripting.State", "Unity.VisualScripting.State.csproj", "{0C46F964-E42E-40D8-A0C2-417B7DA43180}"
EndProject
Project("{FAE04EC0-301F-11D3-BF4B-00C04F79EFBC}") = "Unity.VisualScripting.Flow", "Unity.VisualScripting.Flow.csproj", "{E857F3DB-AB37-CFF6-B60A-E7F341DC1B19}"
EndProject
Project("{FAE04EC0-301F-11D3-BF4B-00C04F79EFBC}") = "UniTask.Linq", "UniTask.Linq.csproj", "{8293C285-65C7-AE00-9206-DD53C52C1E46}"
EndProject
Project("{FAE04EC0-301F-11D3-BF4B-00C04F79EFBC}") = "Unity.VisualScripting.Core", "Unity.VisualScripting.Core.csproj", "{07076808-D1B9-466E-1A7E-087F4DA96A81}"
EndProject
Project("{FAE04EC0-301F-11D3-BF4B-00C04F79EFBC}") = "Unity.TextMeshPro", "Unity.TextMeshPro.csproj", "{CAD90DA2-7296-A1CA-C780-6D7B18E16D14}"
EndProject
Project("{FAE04EC0-301F-11D3-BF4B-00C04F79EFBC}") = "Unity.Burst", "Unity.Burst.csproj", "{5F8ACF00-2479-2A95-6415-D5A93421E1C2}"
EndProject
Project("{FAE04EC0-301F-11D3-BF4B-00C04F79EFBC}") = "Unity.ResourceManager", "Unity.ResourceManager.csproj", "{99A0E0A2-5D1E-5F3C-5414-A3B2B4753A16}"
EndProject
Project("{FAE04EC0-301F-11D3-BF4B-00C04F79EFBC}") = "Unity.ResourceManager.Tests", "Unity.ResourceManager.Tests.csproj", "{EA5D09A6-AFCE-3BA4-4652-F0F16D76CE23}"
EndProject
Project("{FAE04EC0-301F-11D3-BF4B-00C04F79EFBC}") = "Cinemachine", "Cinemachine.csproj", "{482B1F92-E9DB-3519-E734-2067DDBF7E66}"
EndProject
Project("{FAE04EC0-301F-11D3-BF4B-00C04F79EFBC}") = "Unity.Addressables.Tests", "Unity.Addressables.Tests.csproj", "{65D4CA89-5948-4AD1-2ECF-0BDB3B4D3987}"
EndProject
Project("{FAE04EC0-301F-11D3-BF4B-00C04F79EFBC}") = "Unity.VectorGraphics", "Unity.VectorGraphics.csproj", "{346B834F-B788-8118-A89B-2E049553ECF9}"
EndProject
Project("{FAE04EC0-301F-11D3-BF4B-00C04F79EFBC}") = "GameEditor", "GameEditor.csproj", "{E51F4B96-D17A-17A6-23DB-F80831235E0B}"
EndProject
Project("{FAE04EC0-301F-11D3-BF4B-00C04F79EFBC}") = "Unity.Timeline", "Unity.Timeline.csproj", "{AD8C141E-BB76-0D5E-2E2B-C54B16DD871C}"
EndProject
Project("{FAE04EC0-301F-11D3-BF4B-00C04F79EFBC}") = "Unity.Mathematics", "Unity.Mathematics.csproj", "{F5DF66E2-552B-BD3A-A049-2C63101A1E9F}"
EndProject
Project("{FAE04EC0-301F-11D3-BF4B-00C04F79EFBC}") = "UniTask.DOTween", "UniTask.DOTween.csproj", "{EDEE7234-B2D5-6B9D-08E5-EC294C2A66F3}"
EndProject
Project("{FAE04EC0-301F-11D3-BF4B-00C04F79EFBC}") = "MR.Config", "MR.Config.csproj", "{F2C5F04A-61CC-BD16-640E-4E0384A96D7A}"
EndProject
Project("{FAE04EC0-301F-11D3-BF4B-00C04F79EFBC}") = "StartUp", "StartUp.csproj", "{550DFE7D-B4D9-B563-C3A6-6ECED561405F}"
EndProject
Project("{FAE04EC0-301F-11D3-BF4B-00C04F79EFBC}") = "Unity.Addressables", "Unity.Addressables.csproj", "{04B4D2EB-18E1-4944-4626-63DDF18A5703}"
EndProject
Project("{FAE04EC0-301F-11D3-BF4B-00C04F79EFBC}") = "Unity.InternalAPIEngineBridge.003", "Unity.InternalAPIEngineBridge.003.csproj", "{C50D4722-6687-C215-BA22-5C52934770DF}"
EndProject
Project("{FAE04EC0-301F-11D3-BF4B-00C04F79EFBC}") = "HybridCLR.Runtime", "HybridCLR.Runtime.csproj", "{4D5556F1-2429-D9C0-8F05-D71DA0993329}"
EndProject
Project("{FAE04EC0-301F-11D3-BF4B-00C04F79EFBC}") = "BugAOT", "BugAOT.csproj", "{372CA520-E587-14B9-DEE5-66FBA523022C}"
EndProject
Project("{FAE04EC0-301F-11D3-BF4B-00C04F79EFBC}") = "MR.Net.Frame", "MR.Net.Frame.csproj", "{3448CDBA-3C23-7026-7FA2-FB0645202CC0}"
EndProject
Project("{FAE04EC0-301F-11D3-BF4B-00C04F79EFBC}") = "AkyuiUnity", "AkyuiUnity.csproj", "{2A57BC07-B226-A42C-E5F0-05CCFFB3C115}"
EndProject
Project("{FAE04EC0-301F-11D3-BF4B-00C04F79EFBC}") = "com.logviewer.runtime", "com.logviewer.runtime.csproj", "{59C5931D-6A2D-4068-83BF-1A66A1E85AAF}"
EndProject
Project("{FAE04EC0-301F-11D3-BF4B-00C04F79EFBC}") = "MR.Net.Proto", "MR.Net.Proto.csproj", "{3AEE7EDF-5D2B-14D8-C4EC-15C7E1560949}"
EndProject
Project("{FAE04EC0-301F-11D3-BF4B-00C04F79EFBC}") = "UniTask.Addressables", "UniTask.Addressables.csproj", "{9375CE81-2C5B-13D6-3483-739B10A352ED}"
EndProject
Project("{FAE04EC0-301F-11D3-BF4B-00C04F79EFBC}") = "Unity.InputSystem.ForUI", "Unity.InputSystem.ForUI.csproj", "{C7FCC864-4070-5BEE-E4F8-8FD580160976}"
EndProject
Project("{FAE04EC0-301F-11D3-BF4B-00C04F79EFBC}") = "Unity.ScriptableBuildPipeline", "Unity.ScriptableBuildPipeline.csproj", "{26AF7299-9C7B-6EB1-D6EF-34BC9D77CE69}"
EndProject
Project("{FAE04EC0-301F-11D3-BF4B-00C04F79EFBC}") = "Sirenix.OdinInspector.CompatibilityLayer", "Sirenix.OdinInspector.CompatibilityLayer.csproj", "{757C3447-258F-0246-CBE4-FF32F9568466}"
EndProject
Project("{FAE04EC0-301F-11D3-BF4B-00C04F79EFBC}") = "Unity.InputSystem.TestFramework", "Unity.InputSystem.TestFramework.csproj", "{C3D7FEC5-C0A5-DC28-D240-60F8EBE6B65B}"
EndProject
Project("{FAE04EC0-301F-11D3-BF4B-00C04F79EFBC}") = "UniTask.TextMeshPro", "UniTask.TextMeshPro.csproj", "{89F9BAD0-C77A-C14E-EBDA-1B24D7CBD610}"
EndProject
Project("{FAE04EC0-301F-11D3-BF4B-00C04F79EFBC}") = "HotUpdate", "HotUpdate.csproj", "{87DA54F2-977F-9FCB-0148-CD35E27FAF44}"
EndProject
Project("{FAE04EC0-301F-11D3-BF4B-00C04F79EFBC}") = "Unity.PlasticSCM.Editor", "Unity.PlasticSCM.Editor.csproj", "{1C211987-E272-A02B-C38D-CFB5656BAFFF}"
EndProject
Project("{FAE04EC0-301F-11D3-BF4B-00C04F79EFBC}") = "Unity.VisualScripting.Core.Editor", "Unity.VisualScripting.Core.Editor.csproj", "{9C19051E-CBA0-6EB3-D262-821356D6D626}"
EndProject
Project("{FAE04EC0-301F-11D3-BF4B-00C04F79EFBC}") = "Unity.Timeline.Editor", "Unity.Timeline.Editor.csproj", "{8E483E6E-4A1F-81C1-489B-B59002EF7AF8}"
EndProject
Project("{FAE04EC0-301F-11D3-BF4B-00C04F79EFBC}") = "com.unity.cinemachine.editor", "com.unity.cinemachine.editor.csproj", "{2659D6B4-8611-FEE1-7CB1-0179178C529F}"
EndProject
Project("{FAE04EC0-301F-11D3-BF4B-00C04F79EFBC}") = "Utf8Json", "Utf8Json.csproj", "{CAEB7340-A7EE-E456-ECED-A058E5B4A1BC}"
EndProject
Project("{FAE04EC0-301F-11D3-BF4B-00C04F79EFBC}") = "Unity.TextMeshPro.Editor", "Unity.TextMeshPro.Editor.csproj", "{4641A670-D7B0-9C0B-F577-6DADBD9928E8}"
EndProject
Project("{FAE04EC0-301F-11D3-BF4B-00C04F79EFBC}") = "Unity.Addressables.Editor.Tests", "Unity.Addressables.Editor.Tests.csproj", "{6A3DB4A8-2C52-F6ED-6ADA-11A29A739689}"
EndProject
Project("{FAE04EC0-301F-11D3-BF4B-00C04F79EFBC}") = "Unity.VisualScripting.SettingsProvider.Editor", "Unity.VisualScripting.SettingsProvider.Editor.csproj", "{542AE468-C39B-A2FE-EA78-483243B97EAD}"
EndProject
Project("{FAE04EC0-301F-11D3-BF4B-00C04F79EFBC}") = "UnityEditor.TestRunner", "UnityEditor.TestRunner.csproj", "{543EEB4F-E40E-0F10-A7C9-B8E8C85A6883}"
EndProject
Project("{FAE04EC0-301F-11D3-BF4B-00C04F79EFBC}") = "Unity.Addressables.Editor", "Unity.Addressables.Editor.csproj", "{6FEABFD2-EFC5-0F9C-0CB8-5BDE8E6055B1}"
EndProject
Project("{FAE04EC0-301F-11D3-BF4B-00C04F79EFBC}") = "AliyunOssSdk", "AliyunOssSdk.csproj", "{3F7B09BF-9FAB-3CD7-2648-03622D6F3530}"
EndProject
Project("{FAE04EC0-301F-11D3-BF4B-00C04F79EFBC}") = "Unity.VisualScripting.Flow.Editor", "Unity.VisualScripting.Flow.Editor.csproj", "{79474D58-3F84-2AFD-93DA-C1085DF11FF9}"
EndProject
Project("{FAE04EC0-301F-11D3-BF4B-00C04F79EFBC}") = "Unity.Rider.Editor", "Unity.Rider.Editor.csproj", "{B389CE69-D409-4B4B-B07F-5455BED74AEF}"
EndProject
Project("{FAE04EC0-301F-11D3-BF4B-00C04F79EFBC}") = "Unity.ScriptableBuildPipeline.Editor", "Unity.ScriptableBuildPipeline.Editor.csproj", "{3FE1A709-79C8-384B-B17F-33C7618525D4}"
EndProject
Project("{FAE04EC0-301F-11D3-BF4B-00C04F79EFBC}") = "AkyuiUnity.Loader", "AkyuiUnity.Loader.csproj", "{A25B04C3-C6C5-6FCD-5D3D-B12419298358}"
EndProject
Project("{FAE04EC0-301F-11D3-BF4B-00C04F79EFBC}") = "AkyuiUnity.Xd.Editor", "AkyuiUnity.Xd.Editor.csproj", "{19B04473-7592-C44E-7265-4628E7183858}"
EndProject
Project("{FAE04EC0-301F-11D3-BF4B-00C04F79EFBC}") = "HybridCLR.Editor", "HybridCLR.Editor.csproj", "{9B24B5F0-D55B-B428-8B02-F18F2B28B708}"
EndProject
Project("{FAE04EC0-301F-11D3-BF4B-00C04F79EFBC}") = "Unity.Burst.CodeGen", "Unity.Burst.CodeGen.csproj", "{0C547A29-87B3-4805-00F1-D5A8076A963C}"
EndProject
Project("{FAE04EC0-301F-11D3-BF4B-00C04F79EFBC}") = "Unity.VSCode.Editor", "Unity.VSCode.Editor.csproj", "{53432966-23CE-4DFA-6F30-DB47B48C3E71}"
EndProject
Project("{FAE04EC0-301F-11D3-BF4B-00C04F79EFBC}") = "Unity.VisualStudio.Editor", "Unity.VisualStudio.Editor.csproj", "{3BA2263F-6599-072E-FBEE-6B9748F2D58C}"
EndProject
Project("{FAE04EC0-301F-11D3-BF4B-00C04F79EFBC}") = "com.logviewer.editor", "com.logviewer.editor.csproj", "{9AC2FD18-9F3A-DD9D-6BA3-43C30C235FC5}"
EndProject
Project("{FAE04EC0-301F-11D3-BF4B-00C04F79EFBC}") = "lilToon.Editor", "lilToon.Editor.csproj", "{BDFB9DB7-FD7D-47BA-16F5-F369DB9CF928}"
EndProject
Project("{FAE04EC0-301F-11D3-BF4B-00C04F79EFBC}") = "GameEditor-Editor", "GameEditor-Editor.csproj", "{A874C022-96C4-17EC-28EC-AF60B9D0C0E6}"
EndProject
Project("{FAE04EC0-301F-11D3-BF4B-00C04F79EFBC}") = "TrueSync.Editor", "TrueSync.Editor.csproj", "{C6A7FB3B-7034-95FD-34D1-025944609D24}"
EndProject
Project("{FAE04EC0-301F-11D3-BF4B-00C04F79EFBC}") = "ExcelExport", "ExcelExport.csproj", "{BC246A8C-E7D5-1537-9931-FC2FE1F97A49}"
EndProject
Project("{FAE04EC0-301F-11D3-BF4B-00C04F79EFBC}") = "Unity.CollabProxy.Editor", "Unity.CollabProxy.Editor.csproj", "{0275E83D-64FC-FB84-F6FE-53ED413C2DBF}"
EndProject
Project("{FAE04EC0-301F-11D3-BF4B-00C04F79EFBC}") = "Unity.VisualScripting.State.Editor", "Unity.VisualScripting.State.Editor.csproj", "{7E853967-912C-DF5F-D49A-D7A6274D126E}"
EndProject
Project("{FAE04EC0-301F-11D3-BF4B-00C04F79EFBC}") = "UnityEditor.CacheServer", "UnityEditor.CacheServer.csproj", "{28967B51-466C-39E5-6A98-2A58B05BDEE8}"
EndProject
Project("{FAE04EC0-301F-11D3-BF4B-00C04F79EFBC}") = "Global.Editor", "Global.Editor.csproj", "{935B7F3E-B023-1351-17BB-FB92761F9E61}"
EndProject
Project("{FAE04EC0-301F-11D3-BF4B-00C04F79EFBC}") = "Unity.Searcher.Editor", "Unity.Searcher.Editor.csproj", "{08CCDDCE-EFE4-CD43-3DDD-E02760389304}"
EndProject
Project("{FAE04EC0-301F-11D3-BF4B-00C04F79EFBC}") = "Assembly-CSharp-Editor", "Assembly-CSharp-Editor.csproj", "{7792E5F8-DB45-A660-F879-93A3ED0BEED6}"
EndProject
Project("{FAE04EC0-301F-11D3-BF4B-00C04F79EFBC}") = "AkyuiUnity.Editor", "AkyuiUnity.Editor.csproj", "{A1FEAC4B-8D10-8FF0-509E-29AC9E356404}"
EndProject
Project("{FAE04EC0-301F-11D3-BF4B-00C04F79EFBC}") = "Unity.Burst.Editor", "Unity.Burst.Editor.csproj", "{04837694-F552-DBFC-F7A6-40B02E30A40C}"
EndProject
Project("{FAE04EC0-301F-11D3-BF4B-00C04F79EFBC}") = "AkyuiUnity.Xd.Extensions", "AkyuiUnity.Xd.Extensions.csproj", "{56FE4642-8968-AADD-99CF-FF72A4A78903}"
EndProject
Project("{FAE04EC0-301F-11D3-BF4B-00C04F79EFBC}") = "Sirenix.OdinInspector.CompatibilityLayer.Editor", "Sirenix.OdinInspector.CompatibilityLayer.Editor.csproj", "{CD9FF668-1936-F59A-D5AC-AF840739BC53}"
EndProject
Project("{FAE04EC0-301F-11D3-BF4B-00C04F79EFBC}") = "UniTask.Editor", "UniTask.Editor.csproj", "{EBB025C1-38E4-7FD9-4136-D494204C7205}"
EndProject
Project("{FAE04EC0-301F-11D3-BF4B-00C04F79EFBC}") = "PlayableGraphVisualizer.Editor", "PlayableGraphVisualizer.Editor.csproj", "{74A6631F-7B4B-6122-85AF-9BADC9D1FE43}"
EndProject
Project("{FAE04EC0-301F-11D3-BF4B-00C04F79EFBC}") = "Unity.Mathematics.Editor", "Unity.Mathematics.Editor.csproj", "{77DED476-91D5-BDCD-8FFA-7356B18C7711}"
EndProject
Project("{FAE04EC0-301F-11D3-BF4B-00C04F79EFBC}") = "PlayableGraphVisualizer", "PlayableGraphVisualizer.csproj", "{77B6D447-8726-7FE2-AD42-B00ED82B282A}"
EndProject
Project("{FAE04EC0-301F-11D3-BF4B-00C04F79EFBC}") = "lilToon.Editor.External", "lilToon.Editor.External.csproj", "{96AD692F-E685-2F82-1088-44E5D1909B9F}"
EndProject
Project("{FAE04EC0-301F-11D3-BF4B-00C04F79EFBC}") = "Unity.VectorGraphics.Editor", "Unity.VectorGraphics.Editor.csproj", "{D9A312EE-9149-24FE-A6C8-05D48C14D306}"
EndProject
Project("{FAE04EC0-301F-11D3-BF4B-00C04F79EFBC}") = "AkyuiUnity.Extensions", "AkyuiUnity.Extensions.csproj", "{BFBD37AF-E132-FAF6-E8FF-E5933F2C1620}"
EndProject
Project("{FAE04EC0-301F-11D3-BF4B-00C04F79EFBC}") = "Unity.InternalAPIEditorBridge.003", "Unity.InternalAPIEditorBridge.003.csproj", "{CA4E6E10-C274-650A-4B41-1D7DE4594684}"
EndProject
Project("{FAE04EC0-301F-11D3-BF4B-00C04F79EFBC}") = "Sirenix.OdinInspector.Modules.UnityMathematics", "Sirenix.OdinInspector.Modules.UnityMathematics.csproj", "{22DD2F6D-3770-C555-003E-C6D73E038DD3}"
EndProject
Project("{FAE04EC0-301F-11D3-BF4B-00C04F79EFBC}") = "Unity.VisualScripting.Shared.Editor", "Unity.VisualScripting.Shared.Editor.csproj", "{9E6C309A-3041-C977-53BA-FC01918F9F8F}"
EndProject
Global
	GlobalSection(SolutionConfigurationPlatforms) = preSolution
		Debug|Any CPU = Debug|Any CPU
		Release|Any CPU = Release|Any CPU
	EndGlobalSection
	GlobalSection(ProjectConfigurationPlatforms) = postSolution
		{CA65F5A7-72C3-A819-3D04-00FCD7A5B565}.Debug|Any CPU.ActiveCfg = Debug|Any CPU
		{CA65F5A7-72C3-A819-3D04-00FCD7A5B565}.Debug|Any CPU.Build.0 = Debug|Any CPU
		{CA65F5A7-72C3-A819-3D04-00FCD7A5B565}.Release|Any CPU.ActiveCfg = Release|Any CPU
		{CA65F5A7-72C3-A819-3D04-00FCD7A5B565}.Release|Any CPU.Build.0 = Release|Any CPU
		{5E0477E2-84AA-5721-2CEC-6369800BD843}.Debug|Any CPU.ActiveCfg = Debug|Any CPU
		{5E0477E2-84AA-5721-2CEC-6369800BD843}.Debug|Any CPU.Build.0 = Debug|Any CPU
		{5E0477E2-84AA-5721-2CEC-6369800BD843}.Release|Any CPU.ActiveCfg = Release|Any CPU
		{5E0477E2-84AA-5721-2CEC-6369800BD843}.Release|Any CPU.Build.0 = Release|Any CPU
		{79E29CC7-8EEB-3688-8FA5-ABC4587767B6}.Debug|Any CPU.ActiveCfg = Debug|Any CPU
		{79E29CC7-8EEB-3688-8FA5-ABC4587767B6}.Debug|Any CPU.Build.0 = Debug|Any CPU
		{79E29CC7-8EEB-3688-8FA5-ABC4587767B6}.Release|Any CPU.ActiveCfg = Release|Any CPU
		{79E29CC7-8EEB-3688-8FA5-ABC4587767B6}.Release|Any CPU.Build.0 = Release|Any CPU
		{D6A95C4D-1862-65BF-3AC6-71CF70D42B10}.Debug|Any CPU.ActiveCfg = Debug|Any CPU
		{D6A95C4D-1862-65BF-3AC6-71CF70D42B10}.Debug|Any CPU.Build.0 = Debug|Any CPU
		{D6A95C4D-1862-65BF-3AC6-71CF70D42B10}.Release|Any CPU.ActiveCfg = Release|Any CPU
		{D6A95C4D-1862-65BF-3AC6-71CF70D42B10}.Release|Any CPU.Build.0 = Release|Any CPU
		{162F45E9-296B-1A79-3CA1-8232D96B07F0}.Debug|Any CPU.ActiveCfg = Debug|Any CPU
		{162F45E9-296B-1A79-3CA1-8232D96B07F0}.Debug|Any CPU.Build.0 = Debug|Any CPU
		{162F45E9-296B-1A79-3CA1-8232D96B07F0}.Release|Any CPU.ActiveCfg = Release|Any CPU
		{162F45E9-296B-1A79-3CA1-8232D96B07F0}.Release|Any CPU.Build.0 = Release|Any CPU
		{0C46F964-E42E-40D8-A0C2-417B7DA43180}.Debug|Any CPU.ActiveCfg = Debug|Any CPU
		{0C46F964-E42E-40D8-A0C2-417B7DA43180}.Debug|Any CPU.Build.0 = Debug|Any CPU
		{0C46F964-E42E-40D8-A0C2-417B7DA43180}.Release|Any CPU.ActiveCfg = Release|Any CPU
		{0C46F964-E42E-40D8-A0C2-417B7DA43180}.Release|Any CPU.Build.0 = Release|Any CPU
		{E857F3DB-AB37-CFF6-B60A-E7F341DC1B19}.Debug|Any CPU.ActiveCfg = Debug|Any CPU
		{E857F3DB-AB37-CFF6-B60A-E7F341DC1B19}.Debug|Any CPU.Build.0 = Debug|Any CPU
		{E857F3DB-AB37-CFF6-B60A-E7F341DC1B19}.Release|Any CPU.ActiveCfg = Release|Any CPU
		{E857F3DB-AB37-CFF6-B60A-E7F341DC1B19}.Release|Any CPU.Build.0 = Release|Any CPU
		{8293C285-65C7-AE00-9206-DD53C52C1E46}.Debug|Any CPU.ActiveCfg = Debug|Any CPU
		{8293C285-65C7-AE00-9206-DD53C52C1E46}.Debug|Any CPU.Build.0 = Debug|Any CPU
		{8293C285-65C7-AE00-9206-DD53C52C1E46}.Release|Any CPU.ActiveCfg = Release|Any CPU
		{8293C285-65C7-AE00-9206-DD53C52C1E46}.Release|Any CPU.Build.0 = Release|Any CPU
		{07076808-D1B9-466E-1A7E-087F4DA96A81}.Debug|Any CPU.ActiveCfg = Debug|Any CPU
		{07076808-D1B9-466E-1A7E-087F4DA96A81}.Debug|Any CPU.Build.0 = Debug|Any CPU
		{07076808-D1B9-466E-1A7E-087F4DA96A81}.Release|Any CPU.ActiveCfg = Release|Any CPU
		{07076808-D1B9-466E-1A7E-087F4DA96A81}.Release|Any CPU.Build.0 = Release|Any CPU
		{CAD90DA2-7296-A1CA-C780-6D7B18E16D14}.Debug|Any CPU.ActiveCfg = Debug|Any CPU
		{CAD90DA2-7296-A1CA-C780-6D7B18E16D14}.Debug|Any CPU.Build.0 = Debug|Any CPU
		{CAD90DA2-7296-A1CA-C780-6D7B18E16D14}.Release|Any CPU.ActiveCfg = Release|Any CPU
		{CAD90DA2-7296-A1CA-C780-6D7B18E16D14}.Release|Any CPU.Build.0 = Release|Any CPU
		{5F8ACF00-2479-2A95-6415-D5A93421E1C2}.Debug|Any CPU.ActiveCfg = Debug|Any CPU
		{5F8ACF00-2479-2A95-6415-D5A93421E1C2}.Debug|Any CPU.Build.0 = Debug|Any CPU
		{5F8ACF00-2479-2A95-6415-D5A93421E1C2}.Release|Any CPU.ActiveCfg = Release|Any CPU
		{5F8ACF00-2479-2A95-6415-D5A93421E1C2}.Release|Any CPU.Build.0 = Release|Any CPU
		{99A0E0A2-5D1E-5F3C-5414-A3B2B4753A16}.Debug|Any CPU.ActiveCfg = Debug|Any CPU
		{99A0E0A2-5D1E-5F3C-5414-A3B2B4753A16}.Debug|Any CPU.Build.0 = Debug|Any CPU
		{99A0E0A2-5D1E-5F3C-5414-A3B2B4753A16}.Release|Any CPU.ActiveCfg = Release|Any CPU
		{99A0E0A2-5D1E-5F3C-5414-A3B2B4753A16}.Release|Any CPU.Build.0 = Release|Any CPU
		{EA5D09A6-AFCE-3BA4-4652-F0F16D76CE23}.Debug|Any CPU.ActiveCfg = Debug|Any CPU
		{EA5D09A6-AFCE-3BA4-4652-F0F16D76CE23}.Debug|Any CPU.Build.0 = Debug|Any CPU
		{EA5D09A6-AFCE-3BA4-4652-F0F16D76CE23}.Release|Any CPU.ActiveCfg = Release|Any CPU
		{EA5D09A6-AFCE-3BA4-4652-F0F16D76CE23}.Release|Any CPU.Build.0 = Release|Any CPU
		{482B1F92-E9DB-3519-E734-2067DDBF7E66}.Debug|Any CPU.ActiveCfg = Debug|Any CPU
		{482B1F92-E9DB-3519-E734-2067DDBF7E66}.Debug|Any CPU.Build.0 = Debug|Any CPU
		{482B1F92-E9DB-3519-E734-2067DDBF7E66}.Release|Any CPU.ActiveCfg = Release|Any CPU
		{482B1F92-E9DB-3519-E734-2067DDBF7E66}.Release|Any CPU.Build.0 = Release|Any CPU
		{65D4CA89-5948-4AD1-2ECF-0BDB3B4D3987}.Debug|Any CPU.ActiveCfg = Debug|Any CPU
		{65D4CA89-5948-4AD1-2ECF-0BDB3B4D3987}.Debug|Any CPU.Build.0 = Debug|Any CPU
		{65D4CA89-5948-4AD1-2ECF-0BDB3B4D3987}.Release|Any CPU.ActiveCfg = Release|Any CPU
		{65D4CA89-5948-4AD1-2ECF-0BDB3B4D3987}.Release|Any CPU.Build.0 = Release|Any CPU
		{346B834F-B788-8118-A89B-2E049553ECF9}.Debug|Any CPU.ActiveCfg = Debug|Any CPU
		{346B834F-B788-8118-A89B-2E049553ECF9}.Debug|Any CPU.Build.0 = Debug|Any CPU
		{346B834F-B788-8118-A89B-2E049553ECF9}.Release|Any CPU.ActiveCfg = Release|Any CPU
		{346B834F-B788-8118-A89B-2E049553ECF9}.Release|Any CPU.Build.0 = Release|Any CPU
		{E51F4B96-D17A-17A6-23DB-F80831235E0B}.Debug|Any CPU.ActiveCfg = Debug|Any CPU
		{E51F4B96-D17A-17A6-23DB-F80831235E0B}.Debug|Any CPU.Build.0 = Debug|Any CPU
		{E51F4B96-D17A-17A6-23DB-F80831235E0B}.Release|Any CPU.ActiveCfg = Release|Any CPU
		{E51F4B96-D17A-17A6-23DB-F80831235E0B}.Release|Any CPU.Build.0 = Release|Any CPU
		{AD8C141E-BB76-0D5E-2E2B-C54B16DD871C}.Debug|Any CPU.ActiveCfg = Debug|Any CPU
		{AD8C141E-BB76-0D5E-2E2B-C54B16DD871C}.Debug|Any CPU.Build.0 = Debug|Any CPU
		{AD8C141E-BB76-0D5E-2E2B-C54B16DD871C}.Release|Any CPU.ActiveCfg = Release|Any CPU
		{AD8C141E-BB76-0D5E-2E2B-C54B16DD871C}.Release|Any CPU.Build.0 = Release|Any CPU
		{F5DF66E2-552B-BD3A-A049-2C63101A1E9F}.Debug|Any CPU.ActiveCfg = Debug|Any CPU
		{F5DF66E2-552B-BD3A-A049-2C63101A1E9F}.Debug|Any CPU.Build.0 = Debug|Any CPU
		{F5DF66E2-552B-BD3A-A049-2C63101A1E9F}.Release|Any CPU.ActiveCfg = Release|Any CPU
		{F5DF66E2-552B-BD3A-A049-2C63101A1E9F}.Release|Any CPU.Build.0 = Release|Any CPU
		{EDEE7234-B2D5-6B9D-08E5-EC294C2A66F3}.Debug|Any CPU.ActiveCfg = Debug|Any CPU
		{EDEE7234-B2D5-6B9D-08E5-EC294C2A66F3}.Debug|Any CPU.Build.0 = Debug|Any CPU
		{EDEE7234-B2D5-6B9D-08E5-EC294C2A66F3}.Release|Any CPU.ActiveCfg = Release|Any CPU
		{EDEE7234-B2D5-6B9D-08E5-EC294C2A66F3}.Release|Any CPU.Build.0 = Release|Any CPU
		{F2C5F04A-61CC-BD16-640E-4E0384A96D7A}.Debug|Any CPU.ActiveCfg = Debug|Any CPU
		{F2C5F04A-61CC-BD16-640E-4E0384A96D7A}.Debug|Any CPU.Build.0 = Debug|Any CPU
		{F2C5F04A-61CC-BD16-640E-4E0384A96D7A}.Release|Any CPU.ActiveCfg = Release|Any CPU
		{F2C5F04A-61CC-BD16-640E-4E0384A96D7A}.Release|Any CPU.Build.0 = Release|Any CPU
		{550DFE7D-B4D9-B563-C3A6-6ECED561405F}.Debug|Any CPU.ActiveCfg = Debug|Any CPU
		{550DFE7D-B4D9-B563-C3A6-6ECED561405F}.Debug|Any CPU.Build.0 = Debug|Any CPU
		{550DFE7D-B4D9-B563-C3A6-6ECED561405F}.Release|Any CPU.ActiveCfg = Release|Any CPU
		{550DFE7D-B4D9-B563-C3A6-6ECED561405F}.Release|Any CPU.Build.0 = Release|Any CPU
		{04B4D2EB-18E1-4944-4626-63DDF18A5703}.Debug|Any CPU.ActiveCfg = Debug|Any CPU
		{04B4D2EB-18E1-4944-4626-63DDF18A5703}.Debug|Any CPU.Build.0 = Debug|Any CPU
		{04B4D2EB-18E1-4944-4626-63DDF18A5703}.Release|Any CPU.ActiveCfg = Release|Any CPU
		{04B4D2EB-18E1-4944-4626-63DDF18A5703}.Release|Any CPU.Build.0 = Release|Any CPU
		{C50D4722-6687-C215-BA22-5C52934770DF}.Debug|Any CPU.ActiveCfg = Debug|Any CPU
		{C50D4722-6687-C215-BA22-5C52934770DF}.Debug|Any CPU.Build.0 = Debug|Any CPU
		{C50D4722-6687-C215-BA22-5C52934770DF}.Release|Any CPU.ActiveCfg = Release|Any CPU
		{C50D4722-6687-C215-BA22-5C52934770DF}.Release|Any CPU.Build.0 = Release|Any CPU
		{4D5556F1-2429-D9C0-8F05-D71DA0993329}.Debug|Any CPU.ActiveCfg = Debug|Any CPU
		{4D5556F1-2429-D9C0-8F05-D71DA0993329}.Debug|Any CPU.Build.0 = Debug|Any CPU
		{4D5556F1-2429-D9C0-8F05-D71DA0993329}.Release|Any CPU.ActiveCfg = Release|Any CPU
		{4D5556F1-2429-D9C0-8F05-D71DA0993329}.Release|Any CPU.Build.0 = Release|Any CPU
		{372CA520-E587-14B9-DEE5-66FBA523022C}.Debug|Any CPU.ActiveCfg = Debug|Any CPU
		{372CA520-E587-14B9-DEE5-66FBA523022C}.Debug|Any CPU.Build.0 = Debug|Any CPU
		{372CA520-E587-14B9-DEE5-66FBA523022C}.Release|Any CPU.ActiveCfg = Release|Any CPU
		{372CA520-E587-14B9-DEE5-66FBA523022C}.Release|Any CPU.Build.0 = Release|Any CPU
		{3448CDBA-3C23-7026-7FA2-FB0645202CC0}.Debug|Any CPU.ActiveCfg = Debug|Any CPU
		{3448CDBA-3C23-7026-7FA2-FB0645202CC0}.Debug|Any CPU.Build.0 = Debug|Any CPU
		{3448CDBA-3C23-7026-7FA2-FB0645202CC0}.Release|Any CPU.ActiveCfg = Release|Any CPU
		{3448CDBA-3C23-7026-7FA2-FB0645202CC0}.Release|Any CPU.Build.0 = Release|Any CPU
		{2A57BC07-B226-A42C-E5F0-05CCFFB3C115}.Debug|Any CPU.ActiveCfg = Debug|Any CPU
		{2A57BC07-B226-A42C-E5F0-05CCFFB3C115}.Debug|Any CPU.Build.0 = Debug|Any CPU
		{2A57BC07-B226-A42C-E5F0-05CCFFB3C115}.Release|Any CPU.ActiveCfg = Release|Any CPU
		{2A57BC07-B226-A42C-E5F0-05CCFFB3C115}.Release|Any CPU.Build.0 = Release|Any CPU
		{59C5931D-6A2D-4068-83BF-1A66A1E85AAF}.Debug|Any CPU.ActiveCfg = Debug|Any CPU
		{59C5931D-6A2D-4068-83BF-1A66A1E85AAF}.Debug|Any CPU.Build.0 = Debug|Any CPU
		{59C5931D-6A2D-4068-83BF-1A66A1E85AAF}.Release|Any CPU.ActiveCfg = Release|Any CPU
		{59C5931D-6A2D-4068-83BF-1A66A1E85AAF}.Release|Any CPU.Build.0 = Release|Any CPU
		{3AEE7EDF-5D2B-14D8-C4EC-15C7E1560949}.Debug|Any CPU.ActiveCfg = Debug|Any CPU
		{3AEE7EDF-5D2B-14D8-C4EC-15C7E1560949}.Debug|Any CPU.Build.0 = Debug|Any CPU
		{3AEE7EDF-5D2B-14D8-C4EC-15C7E1560949}.Release|Any CPU.ActiveCfg = Release|Any CPU
		{3AEE7EDF-5D2B-14D8-C4EC-15C7E1560949}.Release|Any CPU.Build.0 = Release|Any CPU
		{9375CE81-2C5B-13D6-3483-739B10A352ED}.Debug|Any CPU.ActiveCfg = Debug|Any CPU
		{9375CE81-2C5B-13D6-3483-739B10A352ED}.Debug|Any CPU.Build.0 = Debug|Any CPU
		{9375CE81-2C5B-13D6-3483-739B10A352ED}.Release|Any CPU.ActiveCfg = Release|Any CPU
		{9375CE81-2C5B-13D6-3483-739B10A352ED}.Release|Any CPU.Build.0 = Release|Any CPU
		{C7FCC864-4070-5BEE-E4F8-8FD580160976}.Debug|Any CPU.ActiveCfg = Debug|Any CPU
		{C7FCC864-4070-5BEE-E4F8-8FD580160976}.Debug|Any CPU.Build.0 = Debug|Any CPU
		{C7FCC864-4070-5BEE-E4F8-8FD580160976}.Release|Any CPU.ActiveCfg = Release|Any CPU
		{C7FCC864-4070-5BEE-E4F8-8FD580160976}.Release|Any CPU.Build.0 = Release|Any CPU
		{26AF7299-9C7B-6EB1-D6EF-34BC9D77CE69}.Debug|Any CPU.ActiveCfg = Debug|Any CPU
		{26AF7299-9C7B-6EB1-D6EF-34BC9D77CE69}.Debug|Any CPU.Build.0 = Debug|Any CPU
		{26AF7299-9C7B-6EB1-D6EF-34BC9D77CE69}.Release|Any CPU.ActiveCfg = Release|Any CPU
		{26AF7299-9C7B-6EB1-D6EF-34BC9D77CE69}.Release|Any CPU.Build.0 = Release|Any CPU
		{757C3447-258F-0246-CBE4-FF32F9568466}.Debug|Any CPU.ActiveCfg = Debug|Any CPU
		{757C3447-258F-0246-CBE4-FF32F9568466}.Debug|Any CPU.Build.0 = Debug|Any CPU
		{757C3447-258F-0246-CBE4-FF32F9568466}.Release|Any CPU.ActiveCfg = Release|Any CPU
		{757C3447-258F-0246-CBE4-FF32F9568466}.Release|Any CPU.Build.0 = Release|Any CPU
		{C3D7FEC5-C0A5-DC28-D240-60F8EBE6B65B}.Debug|Any CPU.ActiveCfg = Debug|Any CPU
		{C3D7FEC5-C0A5-DC28-D240-60F8EBE6B65B}.Debug|Any CPU.Build.0 = Debug|Any CPU
		{C3D7FEC5-C0A5-DC28-D240-60F8EBE6B65B}.Release|Any CPU.ActiveCfg = Release|Any CPU
		{C3D7FEC5-C0A5-DC28-D240-60F8EBE6B65B}.Release|Any CPU.Build.0 = Release|Any CPU
		{89F9BAD0-C77A-C14E-EBDA-1B24D7CBD610}.Debug|Any CPU.ActiveCfg = Debug|Any CPU
		{89F9BAD0-C77A-C14E-EBDA-1B24D7CBD610}.Debug|Any CPU.Build.0 = Debug|Any CPU
		{89F9BAD0-C77A-C14E-EBDA-1B24D7CBD610}.Release|Any CPU.ActiveCfg = Release|Any CPU
		{89F9BAD0-C77A-C14E-EBDA-1B24D7CBD610}.Release|Any CPU.Build.0 = Release|Any CPU
		{87DA54F2-977F-9FCB-0148-CD35E27FAF44}.Debug|Any CPU.ActiveCfg = Debug|Any CPU
		{87DA54F2-977F-9FCB-0148-CD35E27FAF44}.Debug|Any CPU.Build.0 = Debug|Any CPU
		{87DA54F2-977F-9FCB-0148-CD35E27FAF44}.Release|Any CPU.ActiveCfg = Release|Any CPU
		{87DA54F2-977F-9FCB-0148-CD35E27FAF44}.Release|Any CPU.Build.0 = Release|Any CPU
		{1C211987-E272-A02B-C38D-CFB5656BAFFF}.Debug|Any CPU.ActiveCfg = Debug|Any CPU
		{1C211987-E272-A02B-C38D-CFB5656BAFFF}.Debug|Any CPU.Build.0 = Debug|Any CPU
		{1C211987-E272-A02B-C38D-CFB5656BAFFF}.Release|Any CPU.ActiveCfg = Release|Any CPU
		{1C211987-E272-A02B-C38D-CFB5656BAFFF}.Release|Any CPU.Build.0 = Release|Any CPU
		{9C19051E-CBA0-6EB3-D262-821356D6D626}.Debug|Any CPU.ActiveCfg = Debug|Any CPU
		{9C19051E-CBA0-6EB3-D262-821356D6D626}.Debug|Any CPU.Build.0 = Debug|Any CPU
		{9C19051E-CBA0-6EB3-D262-821356D6D626}.Release|Any CPU.ActiveCfg = Release|Any CPU
		{9C19051E-CBA0-6EB3-D262-821356D6D626}.Release|Any CPU.Build.0 = Release|Any CPU
		{8E483E6E-4A1F-81C1-489B-B59002EF7AF8}.Debug|Any CPU.ActiveCfg = Debug|Any CPU
		{8E483E6E-4A1F-81C1-489B-B59002EF7AF8}.Debug|Any CPU.Build.0 = Debug|Any CPU
		{8E483E6E-4A1F-81C1-489B-B59002EF7AF8}.Release|Any CPU.ActiveCfg = Release|Any CPU
		{8E483E6E-4A1F-81C1-489B-B59002EF7AF8}.Release|Any CPU.Build.0 = Release|Any CPU
		{2659D6B4-8611-FEE1-7CB1-0179178C529F}.Debug|Any CPU.ActiveCfg = Debug|Any CPU
		{2659D6B4-8611-FEE1-7CB1-0179178C529F}.Debug|Any CPU.Build.0 = Debug|Any CPU
		{2659D6B4-8611-FEE1-7CB1-0179178C529F}.Release|Any CPU.ActiveCfg = Release|Any CPU
		{2659D6B4-8611-FEE1-7CB1-0179178C529F}.Release|Any CPU.Build.0 = Release|Any CPU
		{CAEB7340-A7EE-E456-ECED-A058E5B4A1BC}.Debug|Any CPU.ActiveCfg = Debug|Any CPU
		{CAEB7340-A7EE-E456-ECED-A058E5B4A1BC}.Debug|Any CPU.Build.0 = Debug|Any CPU
		{CAEB7340-A7EE-E456-ECED-A058E5B4A1BC}.Release|Any CPU.ActiveCfg = Release|Any CPU
		{CAEB7340-A7EE-E456-ECED-A058E5B4A1BC}.Release|Any CPU.Build.0 = Release|Any CPU
		{4641A670-D7B0-9C0B-F577-6DADBD9928E8}.Debug|Any CPU.ActiveCfg = Debug|Any CPU
		{4641A670-D7B0-9C0B-F577-6DADBD9928E8}.Debug|Any CPU.Build.0 = Debug|Any CPU
		{4641A670-D7B0-9C0B-F577-6DADBD9928E8}.Release|Any CPU.ActiveCfg = Release|Any CPU
		{4641A670-D7B0-9C0B-F577-6DADBD9928E8}.Release|Any CPU.Build.0 = Release|Any CPU
		{6A3DB4A8-2C52-F6ED-6ADA-11A29A739689}.Debug|Any CPU.ActiveCfg = Debug|Any CPU
		{6A3DB4A8-2C52-F6ED-6ADA-11A29A739689}.Debug|Any CPU.Build.0 = Debug|Any CPU
		{6A3DB4A8-2C52-F6ED-6ADA-11A29A739689}.Release|Any CPU.ActiveCfg = Release|Any CPU
		{6A3DB4A8-2C52-F6ED-6ADA-11A29A739689}.Release|Any CPU.Build.0 = Release|Any CPU
		{542AE468-C39B-A2FE-EA78-483243B97EAD}.Debug|Any CPU.ActiveCfg = Debug|Any CPU
		{542AE468-C39B-A2FE-EA78-483243B97EAD}.Debug|Any CPU.Build.0 = Debug|Any CPU
		{542AE468-C39B-A2FE-EA78-483243B97EAD}.Release|Any CPU.ActiveCfg = Release|Any CPU
		{542AE468-C39B-A2FE-EA78-483243B97EAD}.Release|Any CPU.Build.0 = Release|Any CPU
		{543EEB4F-E40E-0F10-A7C9-B8E8C85A6883}.Debug|Any CPU.ActiveCfg = Debug|Any CPU
		{543EEB4F-E40E-0F10-A7C9-B8E8C85A6883}.Debug|Any CPU.Build.0 = Debug|Any CPU
		{543EEB4F-E40E-0F10-A7C9-B8E8C85A6883}.Release|Any CPU.ActiveCfg = Release|Any CPU
		{543EEB4F-E40E-0F10-A7C9-B8E8C85A6883}.Release|Any CPU.Build.0 = Release|Any CPU
		{6FEABFD2-EFC5-0F9C-0CB8-5BDE8E6055B1}.Debug|Any CPU.ActiveCfg = Debug|Any CPU
		{6FEABFD2-EFC5-0F9C-0CB8-5BDE8E6055B1}.Debug|Any CPU.Build.0 = Debug|Any CPU
		{6FEABFD2-EFC5-0F9C-0CB8-5BDE8E6055B1}.Release|Any CPU.ActiveCfg = Release|Any CPU
		{6FEABFD2-EFC5-0F9C-0CB8-5BDE8E6055B1}.Release|Any CPU.Build.0 = Release|Any CPU
		{3F7B09BF-9FAB-3CD7-2648-03622D6F3530}.Debug|Any CPU.ActiveCfg = Debug|Any CPU
		{3F7B09BF-9FAB-3CD7-2648-03622D6F3530}.Debug|Any CPU.Build.0 = Debug|Any CPU
		{3F7B09BF-9FAB-3CD7-2648-03622D6F3530}.Release|Any CPU.ActiveCfg = Release|Any CPU
		{3F7B09BF-9FAB-3CD7-2648-03622D6F3530}.Release|Any CPU.Build.0 = Release|Any CPU
		{79474D58-3F84-2AFD-93DA-C1085DF11FF9}.Debug|Any CPU.ActiveCfg = Debug|Any CPU
		{79474D58-3F84-2AFD-93DA-C1085DF11FF9}.Debug|Any CPU.Build.0 = Debug|Any CPU
		{79474D58-3F84-2AFD-93DA-C1085DF11FF9}.Release|Any CPU.ActiveCfg = Release|Any CPU
		{79474D58-3F84-2AFD-93DA-C1085DF11FF9}.Release|Any CPU.Build.0 = Release|Any CPU
		{B389CE69-D409-4B4B-B07F-5455BED74AEF}.Debug|Any CPU.ActiveCfg = Debug|Any CPU
		{B389CE69-D409-4B4B-B07F-5455BED74AEF}.Debug|Any CPU.Build.0 = Debug|Any CPU
		{B389CE69-D409-4B4B-B07F-5455BED74AEF}.Release|Any CPU.ActiveCfg = Release|Any CPU
		{B389CE69-D409-4B4B-B07F-5455BED74AEF}.Release|Any CPU.Build.0 = Release|Any CPU
		{3FE1A709-79C8-384B-B17F-33C7618525D4}.Debug|Any CPU.ActiveCfg = Debug|Any CPU
		{3FE1A709-79C8-384B-B17F-33C7618525D4}.Debug|Any CPU.Build.0 = Debug|Any CPU
		{3FE1A709-79C8-384B-B17F-33C7618525D4}.Release|Any CPU.ActiveCfg = Release|Any CPU
		{3FE1A709-79C8-384B-B17F-33C7618525D4}.Release|Any CPU.Build.0 = Release|Any CPU
		{A25B04C3-C6C5-6FCD-5D3D-B12419298358}.Debug|Any CPU.ActiveCfg = Debug|Any CPU
		{A25B04C3-C6C5-6FCD-5D3D-B12419298358}.Debug|Any CPU.Build.0 = Debug|Any CPU
		{A25B04C3-C6C5-6FCD-5D3D-B12419298358}.Release|Any CPU.ActiveCfg = Release|Any CPU
		{A25B04C3-C6C5-6FCD-5D3D-B12419298358}.Release|Any CPU.Build.0 = Release|Any CPU
		{19B04473-7592-C44E-7265-4628E7183858}.Debug|Any CPU.ActiveCfg = Debug|Any CPU
		{19B04473-7592-C44E-7265-4628E7183858}.Debug|Any CPU.Build.0 = Debug|Any CPU
		{19B04473-7592-C44E-7265-4628E7183858}.Release|Any CPU.ActiveCfg = Release|Any CPU
		{19B04473-7592-C44E-7265-4628E7183858}.Release|Any CPU.Build.0 = Release|Any CPU
		{9B24B5F0-D55B-B428-8B02-F18F2B28B708}.Debug|Any CPU.ActiveCfg = Debug|Any CPU
		{9B24B5F0-D55B-B428-8B02-F18F2B28B708}.Debug|Any CPU.Build.0 = Debug|Any CPU
		{9B24B5F0-D55B-B428-8B02-F18F2B28B708}.Release|Any CPU.ActiveCfg = Release|Any CPU
		{9B24B5F0-D55B-B428-8B02-F18F2B28B708}.Release|Any CPU.Build.0 = Release|Any CPU
		{0C547A29-87B3-4805-00F1-D5A8076A963C}.Debug|Any CPU.ActiveCfg = Debug|Any CPU
		{0C547A29-87B3-4805-00F1-D5A8076A963C}.Debug|Any CPU.Build.0 = Debug|Any CPU
		{0C547A29-87B3-4805-00F1-D5A8076A963C}.Release|Any CPU.ActiveCfg = Release|Any CPU
		{0C547A29-87B3-4805-00F1-D5A8076A963C}.Release|Any CPU.Build.0 = Release|Any CPU
		{53432966-23CE-4DFA-6F30-DB47B48C3E71}.Debug|Any CPU.ActiveCfg = Debug|Any CPU
		{53432966-23CE-4DFA-6F30-DB47B48C3E71}.Debug|Any CPU.Build.0 = Debug|Any CPU
		{53432966-23CE-4DFA-6F30-DB47B48C3E71}.Release|Any CPU.ActiveCfg = Release|Any CPU
		{53432966-23CE-4DFA-6F30-DB47B48C3E71}.Release|Any CPU.Build.0 = Release|Any CPU
		{3BA2263F-6599-072E-FBEE-6B9748F2D58C}.Debug|Any CPU.ActiveCfg = Debug|Any CPU
		{3BA2263F-6599-072E-FBEE-6B9748F2D58C}.Debug|Any CPU.Build.0 = Debug|Any CPU
		{3BA2263F-6599-072E-FBEE-6B9748F2D58C}.Release|Any CPU.ActiveCfg = Release|Any CPU
		{3BA2263F-6599-072E-FBEE-6B9748F2D58C}.Release|Any CPU.Build.0 = Release|Any CPU
		{9AC2FD18-9F3A-DD9D-6BA3-43C30C235FC5}.Debug|Any CPU.ActiveCfg = Debug|Any CPU
		{9AC2FD18-9F3A-DD9D-6BA3-43C30C235FC5}.Debug|Any CPU.Build.0 = Debug|Any CPU
		{9AC2FD18-9F3A-DD9D-6BA3-43C30C235FC5}.Release|Any CPU.ActiveCfg = Release|Any CPU
		{9AC2FD18-9F3A-DD9D-6BA3-43C30C235FC5}.Release|Any CPU.Build.0 = Release|Any CPU
		{BDFB9DB7-FD7D-47BA-16F5-F369DB9CF928}.Debug|Any CPU.ActiveCfg = Debug|Any CPU
		{BDFB9DB7-FD7D-47BA-16F5-F369DB9CF928}.Debug|Any CPU.Build.0 = Debug|Any CPU
		{BDFB9DB7-FD7D-47BA-16F5-F369DB9CF928}.Release|Any CPU.ActiveCfg = Release|Any CPU
		{BDFB9DB7-FD7D-47BA-16F5-F369DB9CF928}.Release|Any CPU.Build.0 = Release|Any CPU
		{A874C022-96C4-17EC-28EC-AF60B9D0C0E6}.Debug|Any CPU.ActiveCfg = Debug|Any CPU
		{A874C022-96C4-17EC-28EC-AF60B9D0C0E6}.Debug|Any CPU.Build.0 = Debug|Any CPU
		{A874C022-96C4-17EC-28EC-AF60B9D0C0E6}.Release|Any CPU.ActiveCfg = Release|Any CPU
		{A874C022-96C4-17EC-28EC-AF60B9D0C0E6}.Release|Any CPU.Build.0 = Release|Any CPU
		{C6A7FB3B-7034-95FD-34D1-025944609D24}.Debug|Any CPU.ActiveCfg = Debug|Any CPU
		{C6A7FB3B-7034-95FD-34D1-025944609D24}.Debug|Any CPU.Build.0 = Debug|Any CPU
		{C6A7FB3B-7034-95FD-34D1-025944609D24}.Release|Any CPU.ActiveCfg = Release|Any CPU
		{C6A7FB3B-7034-95FD-34D1-025944609D24}.Release|Any CPU.Build.0 = Release|Any CPU
		{BC246A8C-E7D5-1537-9931-FC2FE1F97A49}.Debug|Any CPU.ActiveCfg = Debug|Any CPU
		{BC246A8C-E7D5-1537-9931-FC2FE1F97A49}.Debug|Any CPU.Build.0 = Debug|Any CPU
		{BC246A8C-E7D5-1537-9931-FC2FE1F97A49}.Release|Any CPU.ActiveCfg = Release|Any CPU
		{BC246A8C-E7D5-1537-9931-FC2FE1F97A49}.Release|Any CPU.Build.0 = Release|Any CPU
		{0275E83D-64FC-FB84-F6FE-53ED413C2DBF}.Debug|Any CPU.ActiveCfg = Debug|Any CPU
		{0275E83D-64FC-FB84-F6FE-53ED413C2DBF}.Debug|Any CPU.Build.0 = Debug|Any CPU
		{0275E83D-64FC-FB84-F6FE-53ED413C2DBF}.Release|Any CPU.ActiveCfg = Release|Any CPU
		{0275E83D-64FC-FB84-F6FE-53ED413C2DBF}.Release|Any CPU.Build.0 = Release|Any CPU
		{7E853967-912C-DF5F-D49A-D7A6274D126E}.Debug|Any CPU.ActiveCfg = Debug|Any CPU
		{7E853967-912C-DF5F-D49A-D7A6274D126E}.Debug|Any CPU.Build.0 = Debug|Any CPU
		{7E853967-912C-DF5F-D49A-D7A6274D126E}.Release|Any CPU.ActiveCfg = Release|Any CPU
		{7E853967-912C-DF5F-D49A-D7A6274D126E}.Release|Any CPU.Build.0 = Release|Any CPU
		{28967B51-466C-39E5-6A98-2A58B05BDEE8}.Debug|Any CPU.ActiveCfg = Debug|Any CPU
		{28967B51-466C-39E5-6A98-2A58B05BDEE8}.Debug|Any CPU.Build.0 = Debug|Any CPU
		{28967B51-466C-39E5-6A98-2A58B05BDEE8}.Release|Any CPU.ActiveCfg = Release|Any CPU
		{28967B51-466C-39E5-6A98-2A58B05BDEE8}.Release|Any CPU.Build.0 = Release|Any CPU
		{935B7F3E-B023-1351-17BB-FB92761F9E61}.Debug|Any CPU.ActiveCfg = Debug|Any CPU
		{935B7F3E-B023-1351-17BB-FB92761F9E61}.Debug|Any CPU.Build.0 = Debug|Any CPU
		{935B7F3E-B023-1351-17BB-FB92761F9E61}.Release|Any CPU.ActiveCfg = Release|Any CPU
		{935B7F3E-B023-1351-17BB-FB92761F9E61}.Release|Any CPU.Build.0 = Release|Any CPU
		{08CCDDCE-EFE4-CD43-3DDD-E02760389304}.Debug|Any CPU.ActiveCfg = Debug|Any CPU
		{08CCDDCE-EFE4-CD43-3DDD-E02760389304}.Debug|Any CPU.Build.0 = Debug|Any CPU
		{08CCDDCE-EFE4-CD43-3DDD-E02760389304}.Release|Any CPU.ActiveCfg = Release|Any CPU
		{08CCDDCE-EFE4-CD43-3DDD-E02760389304}.Release|Any CPU.Build.0 = Release|Any CPU
		{7792E5F8-DB45-A660-F879-93A3ED0BEED6}.Debug|Any CPU.ActiveCfg = Debug|Any CPU
		{7792E5F8-DB45-A660-F879-93A3ED0BEED6}.Debug|Any CPU.Build.0 = Debug|Any CPU
		{7792E5F8-DB45-A660-F879-93A3ED0BEED6}.Release|Any CPU.ActiveCfg = Release|Any CPU
		{7792E5F8-DB45-A660-F879-93A3ED0BEED6}.Release|Any CPU.Build.0 = Release|Any CPU
		{A1FEAC4B-8D10-8FF0-509E-29AC9E356404}.Debug|Any CPU.ActiveCfg = Debug|Any CPU
		{A1FEAC4B-8D10-8FF0-509E-29AC9E356404}.Debug|Any CPU.Build.0 = Debug|Any CPU
		{A1FEAC4B-8D10-8FF0-509E-29AC9E356404}.Release|Any CPU.ActiveCfg = Release|Any CPU
		{A1FEAC4B-8D10-8FF0-509E-29AC9E356404}.Release|Any CPU.Build.0 = Release|Any CPU
		{04837694-F552-DBFC-F7A6-40B02E30A40C}.Debug|Any CPU.ActiveCfg = Debug|Any CPU
		{04837694-F552-DBFC-F7A6-40B02E30A40C}.Debug|Any CPU.Build.0 = Debug|Any CPU
		{04837694-F552-DBFC-F7A6-40B02E30A40C}.Release|Any CPU.ActiveCfg = Release|Any CPU
		{04837694-F552-DBFC-F7A6-40B02E30A40C}.Release|Any CPU.Build.0 = Release|Any CPU
		{56FE4642-8968-AADD-99CF-FF72A4A78903}.Debug|Any CPU.ActiveCfg = Debug|Any CPU
		{56FE4642-8968-AADD-99CF-FF72A4A78903}.Debug|Any CPU.Build.0 = Debug|Any CPU
		{56FE4642-8968-AADD-99CF-FF72A4A78903}.Release|Any CPU.ActiveCfg = Release|Any CPU
		{56FE4642-8968-AADD-99CF-FF72A4A78903}.Release|Any CPU.Build.0 = Release|Any CPU
		{CD9FF668-1936-F59A-D5AC-AF840739BC53}.Debug|Any CPU.ActiveCfg = Debug|Any CPU
		{CD9FF668-1936-F59A-D5AC-AF840739BC53}.Debug|Any CPU.Build.0 = Debug|Any CPU
		{CD9FF668-1936-F59A-D5AC-AF840739BC53}.Release|Any CPU.ActiveCfg = Release|Any CPU
		{CD9FF668-1936-F59A-D5AC-AF840739BC53}.Release|Any CPU.Build.0 = Release|Any CPU
		{EBB025C1-38E4-7FD9-4136-D494204C7205}.Debug|Any CPU.ActiveCfg = Debug|Any CPU
		{EBB025C1-38E4-7FD9-4136-D494204C7205}.Debug|Any CPU.Build.0 = Debug|Any CPU
		{EBB025C1-38E4-7FD9-4136-D494204C7205}.Release|Any CPU.ActiveCfg = Release|Any CPU
		{EBB025C1-38E4-7FD9-4136-D494204C7205}.Release|Any CPU.Build.0 = Release|Any CPU
		{74A6631F-7B4B-6122-85AF-9BADC9D1FE43}.Debug|Any CPU.ActiveCfg = Debug|Any CPU
		{74A6631F-7B4B-6122-85AF-9BADC9D1FE43}.Debug|Any CPU.Build.0 = Debug|Any CPU
		{74A6631F-7B4B-6122-85AF-9BADC9D1FE43}.Release|Any CPU.ActiveCfg = Release|Any CPU
		{74A6631F-7B4B-6122-85AF-9BADC9D1FE43}.Release|Any CPU.Build.0 = Release|Any CPU
		{77DED476-91D5-BDCD-8FFA-7356B18C7711}.Debug|Any CPU.ActiveCfg = Debug|Any CPU
		{77DED476-91D5-BDCD-8FFA-7356B18C7711}.Debug|Any CPU.Build.0 = Debug|Any CPU
		{77DED476-91D5-BDCD-8FFA-7356B18C7711}.Release|Any CPU.ActiveCfg = Release|Any CPU
		{77DED476-91D5-BDCD-8FFA-7356B18C7711}.Release|Any CPU.Build.0 = Release|Any CPU
		{77B6D447-8726-7FE2-AD42-B00ED82B282A}.Debug|Any CPU.ActiveCfg = Debug|Any CPU
		{77B6D447-8726-7FE2-AD42-B00ED82B282A}.Debug|Any CPU.Build.0 = Debug|Any CPU
		{77B6D447-8726-7FE2-AD42-B00ED82B282A}.Release|Any CPU.ActiveCfg = Release|Any CPU
		{77B6D447-8726-7FE2-AD42-B00ED82B282A}.Release|Any CPU.Build.0 = Release|Any CPU
		{96AD692F-E685-2F82-1088-44E5D1909B9F}.Debug|Any CPU.ActiveCfg = Debug|Any CPU
		{96AD692F-E685-2F82-1088-44E5D1909B9F}.Debug|Any CPU.Build.0 = Debug|Any CPU
		{96AD692F-E685-2F82-1088-44E5D1909B9F}.Release|Any CPU.ActiveCfg = Release|Any CPU
		{96AD692F-E685-2F82-1088-44E5D1909B9F}.Release|Any CPU.Build.0 = Release|Any CPU
		{D9A312EE-9149-24FE-A6C8-05D48C14D306}.Debug|Any CPU.ActiveCfg = Debug|Any CPU
		{D9A312EE-9149-24FE-A6C8-05D48C14D306}.Debug|Any CPU.Build.0 = Debug|Any CPU
		{D9A312EE-9149-24FE-A6C8-05D48C14D306}.Release|Any CPU.ActiveCfg = Release|Any CPU
		{D9A312EE-9149-24FE-A6C8-05D48C14D306}.Release|Any CPU.Build.0 = Release|Any CPU
		{BFBD37AF-E132-FAF6-E8FF-E5933F2C1620}.Debug|Any CPU.ActiveCfg = Debug|Any CPU
		{BFBD37AF-E132-FAF6-E8FF-E5933F2C1620}.Debug|Any CPU.Build.0 = Debug|Any CPU
		{BFBD37AF-E132-FAF6-E8FF-E5933F2C1620}.Release|Any CPU.ActiveCfg = Release|Any CPU
		{BFBD37AF-E132-FAF6-E8FF-E5933F2C1620}.Release|Any CPU.Build.0 = Release|Any CPU
		{CA4E6E10-C274-650A-4B41-1D7DE4594684}.Debug|Any CPU.ActiveCfg = Debug|Any CPU
		{CA4E6E10-C274-650A-4B41-1D7DE4594684}.Debug|Any CPU.Build.0 = Debug|Any CPU
		{CA4E6E10-C274-650A-4B41-1D7DE4594684}.Release|Any CPU.ActiveCfg = Release|Any CPU
		{CA4E6E10-C274-650A-4B41-1D7DE4594684}.Release|Any CPU.Build.0 = Release|Any CPU
		{22DD2F6D-3770-C555-003E-C6D73E038DD3}.Debug|Any CPU.ActiveCfg = Debug|Any CPU
		{22DD2F6D-3770-C555-003E-C6D73E038DD3}.Debug|Any CPU.Build.0 = Debug|Any CPU
		{22DD2F6D-3770-C555-003E-C6D73E038DD3}.Release|Any CPU.ActiveCfg = Release|Any CPU
		{22DD2F6D-3770-C555-003E-C6D73E038DD3}.Release|Any CPU.Build.0 = Release|Any CPU
		{9E6C309A-3041-C977-53BA-FC01918F9F8F}.Debug|Any CPU.ActiveCfg = Debug|Any CPU
		{9E6C309A-3041-C977-53BA-FC01918F9F8F}.Debug|Any CPU.Build.0 = Debug|Any CPU
		{9E6C309A-3041-C977-53BA-FC01918F9F8F}.Release|Any CPU.ActiveCfg = Release|Any CPU
		{9E6C309A-3041-C977-53BA-FC01918F9F8F}.Release|Any CPU.Build.0 = Release|Any CPU
	EndGlobalSection
	GlobalSection(SolutionProperties) = preSolution
		HideSolutionNode = FALSE
	EndGlobalSection
EndGlobal
